
Microsoft Visual Studio Solution File, Format Version 12.00
# Visual Studio 15
VisualStudioVersion = 15.0.28307.1622
MinimumVisualStudioVersion = 10.0.40219.1
Project("{FAE04EC0-301F-11D3-BF4B-00C04F79EFBC}") = "supAutoSplit", "supAutoSplit\supAutoSplit.csproj", "{C1B6A79E-088A-411C-B546-4D72447B4DAA}"
EndProject
Global
	GlobalSection(SolutionConfigurationPlatforms) = preSolution
		Debug|Any CPU = Debug|Any CPU
		Release|Any CPU = Release|Any CPU
	EndGlobalSection
	GlobalSection(ProjectConfigurationPlatforms) = postSolution
		{C1B6A79E-088A-411C-B546-4D72447B4DAA}.Debug|Any CPU.ActiveCfg = Debug|Any CPU
		{C1B6A79E-088A-411C-B546-4D72447B4DAA}.Debug|Any CPU.Build.0 = Debug|Any CPU
		{C1B6A79E-088A-411C-B546-4D72447B4DAA}.Release|Any CPU.ActiveCfg = Release|Any CPU
		{C1B6A79E-088A-411C-B546-4D72447B4DAA}.Release|Any CPU.Build.0 = Release|Any CPU
	EndGlobalSection
	GlobalSection(SolutionProperties) = preSolution
		HideSolutionNode = FALSE
	EndGlobalSection
	GlobalSection(ExtensibilityGlobals) = postSolution
		SolutionGuid = {7FDD6D01-2B0C-45F7-A245-9FEE2E65724F}
	EndGlobalSection
EndGlobal
